
Microsoft Visual Studio Solution File, Format Version 12.00
# Visual Studio Version 17
VisualStudioVersion = 17.0.32112.339
MinimumVisualStudioVersion = 10.0.40219.1
Project("{2150E333-8FDC-42A3-9474-1A3956D46DE8}") = "01 - Testes de Unidade", "01 - Testes de Unidade", "{CD9FB681-E770-4D0D-AA4B-39F3EF5FAAD8}"
EndProject
Project("{2150E333-8FDC-42A3-9474-1A3956D46DE8}") = "1.1 - Testes Basicos", "1.1 - Testes Basicos", "{9D5A4966-14F6-4320-8433-3377536784EA}"
EndProject
Project("{FAE04EC0-301F-11D3-BF4B-00C04F79EFBC}") = "Demo", "01 - Testes de Unidade\Demo\Demo.csproj", "{6AA34C27-89A6-4FBB-BB63-D3DA53B595D9}"
EndProject
Project("{FAE04EC0-301F-11D3-BF4B-00C04F79EFBC}") = "Demo.Tests", "01 - Testes de Unidade\Demo.Tests\Demo.Tests.csproj", "{52D3C042-0483-430B-8CFB-7A624310E6EF}"
EndProject
Project("{2150E333-8FDC-42A3-9474-1A3956D46DE8}") = "2.2 - Features", "2.2 - Features", "{113923FB-BF6A-42AC-8C6F-E09F706C1DF8}"
EndProject
Project("{FAE04EC0-301F-11D3-BF4B-00C04F79EFBC}") = "Features", "01 - Testes de Unidade\Features\Features.csproj", "{B6172195-D722-49F2-8278-CEE844498C23}"
EndProject
Project("{FAE04EC0-301F-11D3-BF4B-00C04F79EFBC}") = "Features.Tests", "01 - Testes de Unidade\Features.Tests\Features.Tests.csproj", "{00002721-754A-441D-91E0-B40B232D0365}"
EndProject
Global
	GlobalSection(SolutionConfigurationPlatforms) = preSolution
		Debug|Any CPU = Debug|Any CPU
		Release|Any CPU = Release|Any CPU
	EndGlobalSection
	GlobalSection(ProjectConfigurationPlatforms) = postSolution
		{6AA34C27-89A6-4FBB-BB63-D3DA53B595D9}.Debug|Any CPU.ActiveCfg = Debug|Any CPU
		{6AA34C27-89A6-4FBB-BB63-D3DA53B595D9}.Debug|Any CPU.Build.0 = Debug|Any CPU
		{6AA34C27-89A6-4FBB-BB63-D3DA53B595D9}.Release|Any CPU.ActiveCfg = Release|Any CPU
		{6AA34C27-89A6-4FBB-BB63-D3DA53B595D9}.Release|Any CPU.Build.0 = Release|Any CPU
		{52D3C042-0483-430B-8CFB-7A624310E6EF}.Debug|Any CPU.ActiveCfg = Debug|Any CPU
		{52D3C042-0483-430B-8CFB-7A624310E6EF}.Debug|Any CPU.Build.0 = Debug|Any CPU
		{52D3C042-0483-430B-8CFB-7A624310E6EF}.Release|Any CPU.ActiveCfg = Release|Any CPU
		{52D3C042-0483-430B-8CFB-7A624310E6EF}.Release|Any CPU.Build.0 = Release|Any CPU
		{B6172195-D722-49F2-8278-CEE844498C23}.Debug|Any CPU.ActiveCfg = Debug|Any CPU
		{B6172195-D722-49F2-8278-CEE844498C23}.Debug|Any CPU.Build.0 = Debug|Any CPU
		{B6172195-D722-49F2-8278-CEE844498C23}.Release|Any CPU.ActiveCfg = Release|Any CPU
		{B6172195-D722-49F2-8278-CEE844498C23}.Release|Any CPU.Build.0 = Release|Any CPU
		{00002721-754A-441D-91E0-B40B232D0365}.Debug|Any CPU.ActiveCfg = Debug|Any CPU
		{00002721-754A-441D-91E0-B40B232D0365}.Debug|Any CPU.Build.0 = Debug|Any CPU
		{00002721-754A-441D-91E0-B40B232D0365}.Release|Any CPU.ActiveCfg = Release|Any CPU
		{00002721-754A-441D-91E0-B40B232D0365}.Release|Any CPU.Build.0 = Release|Any CPU
	EndGlobalSection
	GlobalSection(SolutionProperties) = preSolution
		HideSolutionNode = FALSE
	EndGlobalSection
	GlobalSection(NestedProjects) = preSolution
		{9D5A4966-14F6-4320-8433-3377536784EA} = {CD9FB681-E770-4D0D-AA4B-39F3EF5FAAD8}
		{6AA34C27-89A6-4FBB-BB63-D3DA53B595D9} = {9D5A4966-14F6-4320-8433-3377536784EA}
		{52D3C042-0483-430B-8CFB-7A624310E6EF} = {9D5A4966-14F6-4320-8433-3377536784EA}
		{113923FB-BF6A-42AC-8C6F-E09F706C1DF8} = {CD9FB681-E770-4D0D-AA4B-39F3EF5FAAD8}
		{B6172195-D722-49F2-8278-CEE844498C23} = {113923FB-BF6A-42AC-8C6F-E09F706C1DF8}
		{00002721-754A-441D-91E0-B40B232D0365} = {113923FB-BF6A-42AC-8C6F-E09F706C1DF8}
	EndGlobalSection
	GlobalSection(ExtensibilityGlobals) = postSolution
		SolutionGuid = {E5C6934A-7C19-4D8E-AA4B-FF0E53CB583A}
	EndGlobalSection
EndGlobal
